
Microsoft Visual Studio Solution File, Format Version 12.00
# Visual Studio Version 17
VisualStudioVersion = 17.7.34031.279
MinimumVisualStudioVersion = 10.0.40219.1
Project("{FAE04EC0-301F-11D3-BF4B-00C04F79EFBC}") = "SwiFGames", "SwiFGames\SwiFGames.csproj", "{A42BCC21-DF98-40EC-BF54-4246E4320DC1}"
EndProject
Global
	GlobalSection(SolutionConfigurationPlatforms) = preSolution
		Debug|Any CPU = Debug|Any CPU
		Release|Any CPU = Release|Any CPU
	EndGlobalSection
	GlobalSection(ProjectConfigurationPlatforms) = postSolution
		{A42BCC21-DF98-40EC-BF54-4246E4320DC1}.Debug|Any CPU.ActiveCfg = Debug|Any CPU
		{A42BCC21-DF98-40EC-BF54-4246E4320DC1}.Debug|Any CPU.Build.0 = Debug|Any CPU
		{A42BCC21-DF98-40EC-BF54-4246E4320DC1}.Release|Any CPU.ActiveCfg = Release|Any CPU
		{A42BCC21-DF98-40EC-BF54-4246E4320DC1}.Release|Any CPU.Build.0 = Release|Any CPU
	EndGlobalSection
	GlobalSection(SolutionProperties) = preSolution
		HideSolutionNode = FALSE
	EndGlobalSection
	GlobalSection(ExtensibilityGlobals) = postSolution
		SolutionGuid = {63DE396B-C493-4BDB-B38C-DD80A892311C}
	EndGlobalSection
EndGlobal
